{
    "version": 3,
    "terraform_version": "0.9.3",
    "serial": 0,
    "lineage": "bc919a35-39c2-4e32-b3a0-862315e6519a",
    "modules": [
        {
            "path": [
                "root"
            ],
            "outputs": {
                "API Invoke URL": {
                    "sensitive": false,
                    "type": "string",
                    "value": "https://l4ashaip5b.execute-api.eu-west-1.amazonaws.com/prod"
                }
            },
            "resources": {
                "aws_api_gateway_method.CarMethod": {
                    "type": "aws_api_gateway_method",
                    "depends_on": [
                        "aws_api_gateway_resource.CarResource",
                        "aws_api_gateway_rest_api.APIGateway"
                    ],
                    "primary": {
                        "id": "agm-l4ashaip5b-xs1lu0-GET",
                        "attributes": {
                            "api_key_required": "false",
                            "authorization": "NONE",
                            "http_method": "GET",
                            "id": "agm-l4ashaip5b-xs1lu0-GET",
                            "request_parameters.%": "1",
                            "request_parameters.method.request.querystring.plate": "true",
                            "resource_id": "xs1lu0",
                            "rest_api_id": "l4ashaip5b"
                        },
                        "meta": {},
                        "tainted": false
                    },
                    "deposed": [],
                    "provider": ""
                },
                "aws_api_gateway_method_response.200": {
                    "type": "aws_api_gateway_method_response",
                    "depends_on": [
                        "aws_api_gateway_method.CarMethod",
                        "aws_api_gateway_resource.CarResource",
                        "aws_api_gateway_rest_api.APIGateway"
                    ],
                    "primary": {
                        "id": "agmr-l4ashaip5b-xs1lu0-GET-200",
                        "attributes": {
                            "http_method": "GET",
                            "id": "agmr-l4ashaip5b-xs1lu0-GET-200",
                            "resource_id": "xs1lu0",
                            "rest_api_id": "l4ashaip5b",
                            "status_code": "200"
                        },
                        "meta": {},
                        "tainted": false
                    },
                    "deposed": [],
                    "provider": ""
                },
                "aws_api_gateway_resource.CarResource": {
                    "type": "aws_api_gateway_resource",
                    "depends_on": [
                        "aws_api_gateway_rest_api.APIGateway"
                    ],
                    "primary": {
                        "id": "xs1lu0",
                        "attributes": {
                            "id": "xs1lu0",
                            "parent_id": "jm94vfzn7i",
                            "path": "/car",
                            "path_part": "car",
                            "rest_api_id": "l4ashaip5b"
                        },
                        "meta": {},
                        "tainted": false
                    },
                    "deposed": [],
                    "provider": ""
                },
                "aws_api_gateway_rest_api.APIGateway": {
                    "type": "aws_api_gateway_rest_api",
                    "depends_on": [],
                    "primary": {
                        "id": "l4ashaip5b",
                        "attributes": {
                            "binary_media_types.#": "0",
                            "created_date": "2017-05-07T12:52:44Z",
                            "description": "Entry point API for all requests",
                            "id": "l4ashaip5b",
                            "name": "APIGateway",
                            "root_resource_id": "jm94vfzn7i"
                        },
                        "meta": {},
                        "tainted": false
                    },
                    "deposed": [],
                    "provider": ""
                },
                "data.aws_caller_identity.current": {
                    "type": "aws_caller_identity",
                    "depends_on": [],
                    "primary": {
                        "id": "2017-05-07 12:52:41.656855497 +0000 UTC",
                        "attributes": {
                            "account_id": "437761581993",
                            "arn": "arn:aws:iam::437761581993:user/json-resume",
                            "id": "2017-05-07 12:52:41.656855497 +0000 UTC",
                            "user_id": "AIDAJ22KH4F7ZFIG67XQS"
                        },
                        "meta": {},
                        "tainted": false
                    },
                    "deposed": [],
                    "provider": ""
                }
            },
            "depends_on": []
        }
    ]
}
