{
    "version": 3,
    "terraform_version": "0.9.3",
    "serial": 27,
    "lineage": "bc919a35-39c2-4e32-b3a0-862315e6519a",
    "modules": [
        {
            "path": [
                "root"
            ],
            "outputs": {
                "API Invoke URL": {
                    "sensitive": false,
                    "type": "string",
                    "value": "https://vqlklb30lh.execute-api.eu-west-1.amazonaws.com/production"
                }
            },
            "resources": {
                "aws_api_gateway_base_path_mapping.mapURLtoAPI": {
                    "type": "aws_api_gateway_base_path_mapping",
                    "depends_on": [
                        "aws_api_gateway_deployment.APIDeployment",
                        "aws_api_gateway_domain_name.koddsson",
                        "aws_api_gateway_rest_api.APIGateway"
                    ],
                    "primary": {
                        "id": "koddsson.co.uk/",
                        "attributes": {
                            "api_id": "vqlklb30lh",
                            "base_path": "",
                            "domain_name": "koddsson.co.uk",
                            "id": "koddsson.co.uk/",
                            "stage_name": "production"
                        },
                        "meta": {},
                        "tainted": false
                    },
                    "deposed": [],
                    "provider": ""
                },
                "aws_api_gateway_deployment.APIDeployment": {
                    "type": "aws_api_gateway_deployment",
                    "depends_on": [
                        "aws_api_gateway_integration.CarIntegration",
                        "aws_api_gateway_rest_api.APIGateway"
                    ],
                    "primary": {
                        "id": "wciwtt",
                        "attributes": {
                            "created_date": "2017-05-14T22:34:11Z",
                            "description": "",
                            "id": "wciwtt",
                            "rest_api_id": "vqlklb30lh",
                            "stage_name": "production"
                        },
                        "meta": {},
                        "tainted": false
                    },
                    "deposed": [],
                    "provider": ""
                },
                "aws_api_gateway_domain_name.koddsson": {
                    "type": "aws_api_gateway_domain_name",
                    "depends_on": [
                        "data.aws_acm_certificate.koddsson"
                    ],
                    "primary": {
                        "id": "koddsson.co.uk",
                        "attributes": {
                            "certificate_arn": "arn:aws:acm:us-east-1:437761581993:certificate/b86c5c22-a8a7-4cb5-801b-7bdd43b0bd8d",
                            "certificate_name": "",
                            "certificate_upload_date": "2017-05-14T22:34:11Z",
                            "cloudfront_domain_name": "d3rurjblewufh2.cloudfront.net",
                            "cloudfront_zone_id": "Z2FDTNDATAQYW2",
                            "domain_name": "koddsson.co.uk",
                            "id": "koddsson.co.uk"
                        },
                        "meta": {},
                        "tainted": false
                    },
                    "deposed": [],
                    "provider": ""
                },
                "aws_api_gateway_integration.CarIntegration": {
                    "type": "aws_api_gateway_integration",
                    "depends_on": [
                        "aws_api_gateway_method.CarMethod",
                        "aws_api_gateway_resource.CarResource",
                        "aws_api_gateway_rest_api.APIGateway",
                        "aws_iam_role.gateway_invoke_lambda_production"
                    ],
                    "primary": {
                        "id": "agi-vqlklb30lh-damj92-GET",
                        "attributes": {
                            "credentials": "arn:aws:iam::437761581993:role/gateway_invoke_lambda_production",
                            "http_method": "GET",
                            "id": "agi-vqlklb30lh-damj92-GET",
                            "integration_http_method": "POST",
                            "passthrough_behavior": "WHEN_NO_MATCH",
                            "request_parameters.%": "0",
                            "request_templates.%": "1",
                            "request_templates.application/json": "##  See http://docs.aws.amazon.com/apigateway/latest/developerguide/api-gateway-mapping-template-reference.html\n##  This template will pass through all parameters including path, querystring, header, stage variables, and context through to the integration endpoint via the body/payload\n#set($allParams = $input.params())\n{\n\"body-json\" : $input.json('$'),\n\"params\" : {\n#foreach($type in $allParams.keySet())\n    #set($params = $allParams.get($type))\n\"$type\" : {\n    #foreach($paramName in $params.keySet())\n    \"$paramName\" : \"$util.escapeJavaScript($params.get($paramName))\"\n        #if($foreach.hasNext),#end\n    #end\n}\n    #if($foreach.hasNext),#end\n#end\n}\n}\n",
                            "resource_id": "damj92",
                            "rest_api_id": "vqlklb30lh",
                            "type": "AWS",
                            "uri": "arn:aws:apigateway:eu-west-1:lambda:path/2015-03-31/functions/arn:aws:lambda:eu-west-1:437761581993:function:apis_production_car/invocations"
                        },
                        "meta": {},
                        "tainted": false
                    },
                    "deposed": [],
                    "provider": ""
                },
                "aws_api_gateway_integration_response.CarIntegrationResponse": {
                    "type": "aws_api_gateway_integration_response",
                    "depends_on": [
                        "aws_api_gateway_method.CarMethod",
                        "aws_api_gateway_method_response.200",
                        "aws_api_gateway_resource.CarResource",
                        "aws_api_gateway_rest_api.APIGateway"
                    ],
                    "primary": {
                        "id": "agir-vqlklb30lh-damj92-GET-200",
                        "attributes": {
                            "http_method": "GET",
                            "id": "agir-vqlklb30lh-damj92-GET-200",
                            "resource_id": "damj92",
                            "response_parameters.%": "0",
                            "response_templates.%": "0",
                            "rest_api_id": "vqlklb30lh",
                            "selection_pattern": "",
                            "status_code": "200"
                        },
                        "meta": {},
                        "tainted": false
                    },
                    "deposed": [],
                    "provider": ""
                },
                "aws_api_gateway_method.CarMethod": {
                    "type": "aws_api_gateway_method",
                    "depends_on": [
                        "aws_api_gateway_resource.CarResource",
                        "aws_api_gateway_rest_api.APIGateway"
                    ],
                    "primary": {
                        "id": "agm-vqlklb30lh-damj92-GET",
                        "attributes": {
                            "api_key_required": "false",
                            "authorization": "NONE",
                            "authorizer_id": "",
                            "http_method": "GET",
                            "id": "agm-vqlklb30lh-damj92-GET",
                            "request_models.%": "0",
                            "request_parameters.%": "1",
                            "request_parameters.method.request.querystring.plate": "true",
                            "resource_id": "damj92",
                            "rest_api_id": "vqlklb30lh"
                        },
                        "meta": {},
                        "tainted": false
                    },
                    "deposed": [],
                    "provider": ""
                },
                "aws_api_gateway_method_response.200": {
                    "type": "aws_api_gateway_method_response",
                    "depends_on": [
                        "aws_api_gateway_method.CarMethod",
                        "aws_api_gateway_resource.CarResource",
                        "aws_api_gateway_rest_api.APIGateway"
                    ],
                    "primary": {
                        "id": "agmr-vqlklb30lh-damj92-GET-200",
                        "attributes": {
                            "http_method": "GET",
                            "id": "agmr-vqlklb30lh-damj92-GET-200",
                            "resource_id": "damj92",
                            "response_models.%": "0",
                            "response_parameters.%": "0",
                            "rest_api_id": "vqlklb30lh",
                            "status_code": "200"
                        },
                        "meta": {},
                        "tainted": false
                    },
                    "deposed": [],
                    "provider": ""
                },
                "aws_api_gateway_resource.CarResource": {
                    "type": "aws_api_gateway_resource",
                    "depends_on": [
                        "aws_api_gateway_rest_api.APIGateway"
                    ],
                    "primary": {
                        "id": "damj92",
                        "attributes": {
                            "id": "damj92",
                            "parent_id": "mlmqh7xt73",
                            "path": "/car",
                            "path_part": "car",
                            "rest_api_id": "vqlklb30lh"
                        },
                        "meta": {},
                        "tainted": false
                    },
                    "deposed": [],
                    "provider": ""
                },
                "aws_api_gateway_rest_api.APIGateway": {
                    "type": "aws_api_gateway_rest_api",
                    "depends_on": [],
                    "primary": {
                        "id": "vqlklb30lh",
                        "attributes": {
                            "binary_media_types.#": "0",
                            "created_date": "2017-05-14T22:34:10Z",
                            "description": "Entry point API for all requests",
                            "id": "vqlklb30lh",
                            "name": "apis.is (production)",
                            "root_resource_id": "mlmqh7xt73"
                        },
                        "meta": {},
                        "tainted": false
                    },
                    "deposed": [],
                    "provider": ""
                },
                "aws_iam_role.gateway_invoke_lambda_production": {
                    "type": "aws_iam_role",
                    "depends_on": [],
                    "primary": {
                        "id": "gateway_invoke_lambda_production",
                        "attributes": {
                            "arn": "arn:aws:iam::437761581993:role/gateway_invoke_lambda_production",
                            "assume_role_policy": "{\"Version\":\"2012-10-17\",\"Statement\":[{\"Sid\":\"\",\"Effect\":\"Allow\",\"Principal\":{\"Service\":\"apigateway.amazonaws.com\"},\"Action\":\"sts:AssumeRole\"}]}",
                            "create_date": "2017-05-14T22:34:10Z",
                            "id": "gateway_invoke_lambda_production",
                            "name": "gateway_invoke_lambda_production",
                            "path": "/",
                            "unique_id": "AROAJ4DW7WX4GSMDUTMIE"
                        },
                        "meta": {},
                        "tainted": false
                    },
                    "deposed": [],
                    "provider": ""
                },
                "aws_iam_role_policy.invoke_lambda_production": {
                    "type": "aws_iam_role_policy",
                    "depends_on": [
                        "aws_iam_role.gateway_invoke_lambda_production"
                    ],
                    "primary": {
                        "id": "gateway_invoke_lambda_production:invoke_lambda_production",
                        "attributes": {
                            "id": "gateway_invoke_lambda_production:invoke_lambda_production",
                            "name": "invoke_lambda_production",
                            "policy": "{\n  \"Version\": \"2012-10-17\",\n  \"Statement\": [\n    {\n      \"Effect\": \"Allow\",\n      \"Resource\": [\n        \"*\"\n      ],\n      \"Action\": [\n        \"lambda:InvokeFunction\"\n      ]\n    }\n  ]\n}\n",
                            "role": "gateway_invoke_lambda_production"
                        },
                        "meta": {},
                        "tainted": false
                    },
                    "deposed": [],
                    "provider": ""
                },
                "aws_lambda_permission.APIGateway_CarEndpoint_Auth": {
                    "type": "aws_lambda_permission",
                    "depends_on": [
                        "aws_api_gateway_method.CarMethod",
                        "aws_api_gateway_rest_api.APIGateway",
                        "data.aws_caller_identity.current"
                    ],
                    "primary": {
                        "id": "AllowFromAPIGateway",
                        "attributes": {
                            "action": "lambda:InvokeFunction",
                            "function_name": "arn:aws:lambda:eu-west-1:437761581993:function:apis_production_car",
                            "id": "AllowFromAPIGateway",
                            "principal": "apigateway.amazonaws.com",
                            "qualifier": "",
                            "source_arn": "arn:aws:execute-api:eu-west-1:437761581993:vqlklb30lh/*/GET/resourcepath/subresourcepath",
                            "statement_id": "AllowFromAPIGateway"
                        },
                        "meta": {},
                        "tainted": false
                    },
                    "deposed": [],
                    "provider": ""
                },
                "aws_route53_record.koddsson": {
                    "type": "aws_route53_record",
                    "depends_on": [
                        "aws_api_gateway_domain_name.koddsson",
                        "data.aws_route53_zone.koddsson"
                    ],
                    "primary": {
                        "id": "Z2HIPZ5ECJL066_koddsson.co.uk_A",
                        "attributes": {
                            "alias.#": "1",
                            "alias.3243840615.evaluate_target_health": "true",
                            "alias.3243840615.name": "d3rurjblewufh2.cloudfront.net",
                            "alias.3243840615.zone_id": "Z2FDTNDATAQYW2",
                            "fqdn": "koddsson.co.uk",
                            "health_check_id": "",
                            "id": "Z2HIPZ5ECJL066_koddsson.co.uk_A",
                            "name": "koddsson.co.uk",
                            "records.#": "0",
                            "set_identifier": "",
                            "ttl": "0",
                            "type": "A",
                            "zone_id": "Z2HIPZ5ECJL066"
                        },
                        "meta": {
                            "schema_version": "2"
                        },
                        "tainted": false
                    },
                    "deposed": [],
                    "provider": ""
                },
                "data.aws_acm_certificate.koddsson": {
                    "type": "aws_acm_certificate",
                    "depends_on": [],
                    "primary": {
                        "id": "2017-05-14 22:35:52.738687261 +0000 UTC",
                        "attributes": {
                            "arn": "arn:aws:acm:us-east-1:437761581993:certificate/b86c5c22-a8a7-4cb5-801b-7bdd43b0bd8d",
                            "domain": "koddsson.co.uk",
                            "id": "2017-05-14 22:35:52.738687261 +0000 UTC",
                            "statuses.#": "1",
                            "statuses.0": "ISSUED"
                        },
                        "meta": {},
                        "tainted": false
                    },
                    "deposed": [],
                    "provider": "aws.use1"
                },
                "data.aws_caller_identity.current": {
                    "type": "aws_caller_identity",
                    "depends_on": [],
                    "primary": {
                        "id": "2017-05-14 22:35:52.4463189 +0000 UTC",
                        "attributes": {
                            "account_id": "437761581993",
                            "arn": "arn:aws:iam::437761581993:user/json-resume",
                            "id": "2017-05-14 22:35:52.4463189 +0000 UTC",
                            "user_id": "AIDAJ22KH4F7ZFIG67XQS"
                        },
                        "meta": {},
                        "tainted": false
                    },
                    "deposed": [],
                    "provider": ""
                },
                "data.aws_route53_zone.koddsson": {
                    "type": "aws_route53_zone",
                    "depends_on": [],
                    "primary": {
                        "id": "Z2HIPZ5ECJL066",
                        "attributes": {
                            "caller_reference": "RISWorkflow-RD:34f60076-4bac-4efe-b165-d725b064b1ec",
                            "comment": "HostedZone created by Route53 Registrar",
                            "id": "Z2HIPZ5ECJL066",
                            "name": "koddsson.co.uk.",
                            "private_zone": "false",
                            "resource_record_set_count": "9",
                            "zone_id": "Z2HIPZ5ECJL066"
                        },
                        "meta": {},
                        "tainted": false
                    },
                    "deposed": [],
                    "provider": ""
                }
            },
            "depends_on": []
        }
    ]
}
