{
    "version": 3,
    "terraform_version": "0.9.3",
    "serial": 21,
    "lineage": "bc919a35-39c2-4e32-b3a0-862315e6519a",
    "modules": [
        {
            "path": [
                "root"
            ],
            "outputs": {
                "API Invoke URL": {
                    "sensitive": false,
                    "type": "string",
                    "value": "https://p3ysr0h19k.execute-api.eu-west-1.amazonaws.com/staging"
                }
            },
            "resources": {
                "aws_api_gateway_method.CarMethod": {
                    "type": "aws_api_gateway_method",
                    "depends_on": [
                        "aws_api_gateway_resource.CarResource",
                        "aws_api_gateway_rest_api.APIGateway"
                    ],
                    "primary": {
                        "id": "agm-p3ysr0h19k-m0wys5-GET",
                        "attributes": {
                            "api_key_required": "false",
                            "authorization": "NONE",
                            "authorizer_id": "",
                            "http_method": "GET",
                            "id": "agm-p3ysr0h19k-m0wys5-GET",
                            "request_models.%": "0",
                            "request_parameters.%": "1",
                            "request_parameters.method.request.querystring.plate": "true",
                            "resource_id": "m0wys5",
                            "rest_api_id": "p3ysr0h19k"
                        },
                        "meta": {},
                        "tainted": false
                    },
                    "deposed": [],
                    "provider": ""
                },
                "aws_api_gateway_method_response.200": {
                    "type": "aws_api_gateway_method_response",
                    "depends_on": [
                        "aws_api_gateway_method.CarMethod",
                        "aws_api_gateway_resource.CarResource",
                        "aws_api_gateway_rest_api.APIGateway"
                    ],
                    "primary": {
                        "id": "agmr-p3ysr0h19k-m0wys5-GET-200",
                        "attributes": {
                            "http_method": "GET",
                            "id": "agmr-p3ysr0h19k-m0wys5-GET-200",
                            "resource_id": "m0wys5",
                            "response_models.%": "0",
                            "response_parameters.%": "0",
                            "rest_api_id": "p3ysr0h19k",
                            "status_code": "200"
                        },
                        "meta": {},
                        "tainted": false
                    },
                    "deposed": [],
                    "provider": ""
                },
                "aws_api_gateway_resource.CarResource": {
                    "type": "aws_api_gateway_resource",
                    "depends_on": [
                        "aws_api_gateway_rest_api.APIGateway"
                    ],
                    "primary": {
                        "id": "m0wys5",
                        "attributes": {
                            "id": "m0wys5",
                            "parent_id": "48puxb7pw5",
                            "path": "/car",
                            "path_part": "car",
                            "rest_api_id": "p3ysr0h19k"
                        },
                        "meta": {},
                        "tainted": false
                    },
                    "deposed": [],
                    "provider": ""
                },
                "aws_api_gateway_rest_api.APIGateway": {
                    "type": "aws_api_gateway_rest_api",
                    "depends_on": [],
                    "primary": {
                        "id": "p3ysr0h19k",
                        "attributes": {
                            "binary_media_types.#": "0",
                            "created_date": "2017-05-14T21:13:35Z",
                            "description": "Entry point API for all requests",
                            "id": "p3ysr0h19k",
                            "name": "apis.is (staging)",
                            "root_resource_id": "48puxb7pw5"
                        },
                        "meta": {},
                        "tainted": false
                    },
                    "deposed": [],
                    "provider": ""
                },
                "aws_lambda_permission.APIGateway_CarEndpoint_Auth": {
                    "type": "aws_lambda_permission",
                    "depends_on": [
                        "aws_api_gateway_method.CarMethod",
                        "aws_api_gateway_rest_api.APIGateway",
                        "data.aws_caller_identity.current"
                    ],
                    "primary": {
                        "id": "AllowFromAPIGateway",
                        "attributes": {
                            "action": "lambda:InvokeFunction",
                            "function_name": "arn:aws:lambda:eu-west-1:437761581993:function:apis_car",
                            "id": "AllowFromAPIGateway",
                            "principal": "apigateway.amazonaws.com",
                            "qualifier": "",
                            "source_arn": "arn:aws:execute-api:eu-west-1:437761581993:p3ysr0h19k/*/GET/resourcepath/subresourcepath",
                            "statement_id": "AllowFromAPIGateway"
                        },
                        "meta": {},
                        "tainted": false
                    },
                    "deposed": [],
                    "provider": ""
                },
                "data.aws_acm_certificate.koddsson": {
                    "type": "aws_acm_certificate",
                    "depends_on": [],
                    "primary": {
                        "id": "2017-05-14 21:29:52.397882907 +0000 UTC",
                        "attributes": {
                            "arn": "arn:aws:acm:us-east-1:437761581993:certificate/b917a51c-47a0-4f01-8809-eab491e011a0",
                            "domain": "staging.koddsson.co.uk",
                            "id": "2017-05-14 21:29:52.397882907 +0000 UTC",
                            "statuses.#": "1",
                            "statuses.0": "ISSUED"
                        },
                        "meta": {},
                        "tainted": false
                    },
                    "deposed": [],
                    "provider": "aws.use1"
                },
                "data.aws_caller_identity.current": {
                    "type": "aws_caller_identity",
                    "depends_on": [],
                    "primary": {
                        "id": "2017-05-14 21:29:52.288276999 +0000 UTC",
                        "attributes": {
                            "account_id": "437761581993",
                            "arn": "arn:aws:iam::437761581993:user/json-resume",
                            "id": "2017-05-14 21:29:52.288276999 +0000 UTC",
                            "user_id": "AIDAJ22KH4F7ZFIG67XQS"
                        },
                        "meta": {},
                        "tainted": false
                    },
                    "deposed": [],
                    "provider": ""
                },
                "data.aws_route53_zone.koddsson": {
                    "type": "aws_route53_zone",
                    "depends_on": [],
                    "primary": {
                        "id": "Z2HIPZ5ECJL066",
                        "attributes": {
                            "caller_reference": "RISWorkflow-RD:34f60076-4bac-4efe-b165-d725b064b1ec",
                            "comment": "HostedZone created by Route53 Registrar",
                            "id": "Z2HIPZ5ECJL066",
                            "name": "koddsson.co.uk.",
                            "private_zone": "false",
                            "resource_record_set_count": "9",
                            "zone_id": "Z2HIPZ5ECJL066"
                        },
                        "meta": {},
                        "tainted": false
                    },
                    "deposed": [],
                    "provider": ""
                }
            },
            "depends_on": []
        }
    ]
}
